{
  "lockfileVersion": 1,
  "configVersion": 1,
  "workspaces": {
    "": {
      "name": "janus",
      "devDependencies": {
        "@biomejs/biome": "^2.4.4",
        "@types/bun": "^1.2.0",
        "typescript": "^5.8.3",
      },
    },
    "packages/agent": {
      "name": "@janus/agent",
      "version": "0.0.1",
      "dependencies": {
        "@anthropic-ai/sdk": "^0.82.0",
        "@janus/core": "workspace:*",
        "@janus/pipeline": "workspace:*",
        "@janus/store": "workspace:*",
        "@janus/vocabulary": "workspace:*",
        "openai": "^6.33.0",
      },
    },
    "packages/calendar": {
      "name": "@janus/calendar",
      "version": "0.0.1",
    },
    "packages/cli": {
      "name": "@janus/cli",
      "version": "0.0.1",
      "dependencies": {
        "@janus/core": "workspace:*",
        "@janus/pipeline": "workspace:*",
        "@janus/store": "workspace:*",
        "@janus/vocabulary": "workspace:*",
      },
    },
    "packages/client": {
      "name": "@janus/client",
      "version": "0.0.1",
      "dependencies": {
        "@janus/core": "workspace:*",
        "@janus/vocabulary": "workspace:*",
        "@preact/signals": "^2.9.0",
        "@preact/signals-core": "^1.8.0",
        "preact": "^10.29.1",
        "preact-render-to-string": "^6.6.7",
      },
    },
    "packages/core": {
      "name": "@janus/core",
      "version": "0.0.1",
      "dependencies": {
        "@janus/vocabulary": "workspace:*",
      },
    },
    "packages/dev": {
      "name": "@janus/dev",
      "version": "0.0.1",
      "dependencies": {
        "@janus/agent": "workspace:*",
        "@janus/client": "workspace:*",
        "@janus/core": "workspace:*",
        "@janus/http": "workspace:*",
        "@janus/pipeline": "workspace:*",
        "@janus/store": "workspace:*",
        "@janus/vocabulary": "workspace:*",
        "preact": "^10.29.0",
        "preact-render-to-string": "^6.6.0",
      },
    },
    "packages/http": {
      "name": "@janus/http",
      "version": "0.0.1",
      "dependencies": {
        "@janus/client": "workspace:*",
        "@janus/core": "workspace:*",
        "@janus/pipeline": "workspace:*",
        "@janus/store": "workspace:*",
        "@janus/vocabulary": "workspace:*",
        "@preact/signals": "^2.9.0",
        "hono": "^4.7.0",
        "preact": "^10.29.0",
        "preact-render-to-string": "^6.6.0",
      },
    },
    "packages/pipeline": {
      "name": "@janus/pipeline",
      "version": "0.0.1",
      "dependencies": {
        "@janus/core": "workspace:*",
        "@janus/store": "workspace:*",
        "@janus/vocabulary": "workspace:*",
        "jose": "^6.0.11",
        "liquidjs": "^10.25.2",
      },
    },
    "packages/store": {
      "name": "@janus/store",
      "version": "0.0.1",
      "dependencies": {
        "@janus/core": "workspace:*",
        "@janus/vocabulary": "workspace:*",
        "kysely": "^0.28.15",
        "kysely-postgres-js": "^2.0.0",
        "postgres": "^3.4.7",
      },
    },
    "packages/testing": {
      "name": "@janus/testing",
      "version": "0.0.1",
      "dependencies": {
        "@janus/core": "workspace:*",
        "@janus/pipeline": "workspace:*",
        "@janus/store": "workspace:*",
        "@janus/vocabulary": "workspace:*",
      },
    },
    "packages/vocabulary": {
      "name": "@janus/vocabulary",
      "version": "0.0.1",
    },
  },
  "packages": {
    "@anthropic-ai/sdk": ["@anthropic-ai/sdk@0.82.0", "", { "dependencies": { "json-schema-to-ts": "^3.1.1" }, "peerDependencies": { "zod": "^3.25.0 || ^4.0.0" }, "optionalPeers": ["zod"], "bin": { "anthropic-ai-sdk": "bin/cli" } }, "sha512-xdHTjL1GlUlDugHq/I47qdOKp/ROPvuHl7ROJCgUQigbvPu7asf9KcAcU1EqdrP2LuVhEKaTs7Z+ShpZDRzHdQ=="],

    "@babel/runtime": ["@babel/runtime@7.29.2", "", {}, "sha512-JiDShH45zKHWyGe4ZNVRrCjBz8Nh9TMmZG1kh4QTK8hCBTWBi8Da+i7s1fJw7/lYpM4ccepSNfqzZ/QvABBi5g=="],

    "@biomejs/biome": ["@biomejs/biome@2.4.10", "", { "optionalDependencies": { "@biomejs/cli-darwin-arm64": "2.4.10", "@biomejs/cli-darwin-x64": "2.4.10", "@biomejs/cli-linux-arm64": "2.4.10", "@biomejs/cli-linux-arm64-musl": "2.4.10", "@biomejs/cli-linux-x64": "2.4.10", "@biomejs/cli-linux-x64-musl": "2.4.10", "@biomejs/cli-win32-arm64": "2.4.10", "@biomejs/cli-win32-x64": "2.4.10" }, "bin": { "biome": "bin/biome" } }, "sha512-xxA3AphFQ1geij4JTHXv4EeSTda1IFn22ye9LdyVPoJU19fNVl0uzfEuhsfQ4Yue/0FaLs2/ccVi4UDiE7R30w=="],

    "@biomejs/cli-darwin-arm64": ["@biomejs/cli-darwin-arm64@2.4.10", "", { "os": "darwin", "cpu": "arm64" }, "sha512-vuzzI1cWqDVzOMIkYyHbKqp+AkQq4K7k+UCXWpkYcY/HDn1UxdsbsfgtVpa40shem8Kax4TLDLlx8kMAecgqiw=="],

    "@biomejs/cli-darwin-x64": ["@biomejs/cli-darwin-x64@2.4.10", "", { "os": "darwin", "cpu": "x64" }, "sha512-14fzASRo+BPotwp7nWULy2W5xeUyFnTaq1V13Etrrxkrih+ez/2QfgFm5Ehtf5vSjtgx/IJycMMpn5kPd5ZNaA=="],

    "@biomejs/cli-linux-arm64": ["@biomejs/cli-linux-arm64@2.4.10", "", { "os": "linux", "cpu": "arm64" }, "sha512-7MH1CMW5uuxQ/s7FLST63qF8B3Hgu2HRdZ7tA1X1+mk+St4JOuIrqdhIBnnyqeyWJNI+Bww7Es5QZ0wIc1Cmkw=="],

    "@biomejs/cli-linux-arm64-musl": ["@biomejs/cli-linux-arm64-musl@2.4.10", "", { "os": "linux", "cpu": "arm64" }, "sha512-WrJY6UuiSD/Dh+nwK2qOTu8kdMDlLV3dLMmychIghHPAysWFq1/DGC1pVZx8POE3ZkzKR3PUUnVrtZfMfaJjyQ=="],

    "@biomejs/cli-linux-x64": ["@biomejs/cli-linux-x64@2.4.10", "", { "os": "linux", "cpu": "x64" }, "sha512-tZLvEEi2u9Xu1zAqRjTcpIDGVtldigVvzug2fTuPG0ME/g8/mXpRPcNgLB22bGn6FvLJpHHnqLnwliOu8xjYrg=="],

    "@biomejs/cli-linux-x64-musl": ["@biomejs/cli-linux-x64-musl@2.4.10", "", { "os": "linux", "cpu": "x64" }, "sha512-kDTi3pI6PBN6CiczsWYOyP2zk0IJI08EWEQyDMQWW221rPaaEz6FvjLhnU07KMzLv8q3qSuoB93ua6inSQ55Tw=="],

    "@biomejs/cli-win32-arm64": ["@biomejs/cli-win32-arm64@2.4.10", "", { "os": "win32", "cpu": "arm64" }, "sha512-umwQU6qPzH+ISTf/eHyJ/QoQnJs3V9Vpjz2OjZXe9MVBZ7prgGafMy7yYeRGnlmDAn87AKTF3Q6weLoMGpeqdQ=="],

    "@biomejs/cli-win32-x64": ["@biomejs/cli-win32-x64@2.4.10", "", { "os": "win32", "cpu": "x64" }, "sha512-aW/JU5GuyH4uxMrNYpoC2kjaHlyJGLgIa3XkhPEZI0uKhZhJZU8BuEyJmvgzSPQNGozBwWjC972RaNdcJ9KyJg=="],

    "@janus/agent": ["@janus/agent@workspace:packages/agent"],

    "@janus/calendar": ["@janus/calendar@workspace:packages/calendar"],

    "@janus/cli": ["@janus/cli@workspace:packages/cli"],

    "@janus/client": ["@janus/client@workspace:packages/client"],

    "@janus/core": ["@janus/core@workspace:packages/core"],

    "@janus/dev": ["@janus/dev@workspace:packages/dev"],

    "@janus/http": ["@janus/http@workspace:packages/http"],

    "@janus/pipeline": ["@janus/pipeline@workspace:packages/pipeline"],

    "@janus/store": ["@janus/store@workspace:packages/store"],

    "@janus/testing": ["@janus/testing@workspace:packages/testing"],

    "@janus/vocabulary": ["@janus/vocabulary@workspace:packages/vocabulary"],

    "@preact/signals": ["@preact/signals@2.9.0", "", { "dependencies": { "@preact/signals-core": "^1.14.0" }, "peerDependencies": { "preact": ">= 10.25.0 || >=11.0.0-0" } }, "sha512-hYrY0KyUqkDgOl1qba/JGn6y81pXnurn21PMaxfcMwdncdZ3M/oVdmpTvEnsGjh48dIwDVc7bjWHqIsngSjYug=="],

    "@preact/signals-core": ["@preact/signals-core@1.14.1", "", {}, "sha512-vxPpfXqrwUe9lpjqfYNjAF/0RF/eFGeLgdJzdmIIZjpOnTmGmAB4BjWone562mJGMRP4frU6iZ6ei3PDsu52Ng=="],

    "@types/bun": ["@types/bun@1.3.11", "", { "dependencies": { "bun-types": "1.3.11" } }, "sha512-5vPne5QvtpjGpsGYXiFyycfpDF2ECyPcTSsFBMa0fraoxiQyMJ3SmuQIGhzPg2WJuWxVBoxWJ2kClYTcw/4fAg=="],

    "@types/node": ["@types/node@25.5.2", "", { "dependencies": { "undici-types": "~7.18.0" } }, "sha512-tO4ZIRKNC+MDWV4qKVZe3Ql/woTnmHDr5JD8UI5hn2pwBrHEwOEMZK7WlNb5RKB6EoJ02gwmQS9OrjuFnZYdpg=="],

    "bun-types": ["bun-types@1.3.11", "", { "dependencies": { "@types/node": "*" } }, "sha512-1KGPpoxQWl9f6wcZh57LvrPIInQMn2TQ7jsgxqpRzg+l0QPOFvJVH7HmvHo/AiPgwXy+/Thf6Ov3EdVn1vOabg=="],

    "commander": ["commander@10.0.1", "", {}, "sha512-y4Mg2tXshplEbSGzx7amzPwKKOCGuoSRP/CjEdwwk0FOGlUbq6lKuoyDZTNZkmxHdJtp54hdfY/JUrdL7Xfdug=="],

    "hono": ["hono@4.12.11", "", {}, "sha512-r4xbIa3mGGGoH9nN4A14DOg2wx7y2oQyJEb5O57C/xzETG/qx4c7CVDQ5WMeKHZ7ORk2W0hZ/sQKXTav3cmYBA=="],

    "jose": ["jose@6.2.2", "", {}, "sha512-d7kPDd34KO/YnzaDOlikGpOurfF0ByC2sEV4cANCtdqLlTfBlw2p14O/5d/zv40gJPbIQxfES3nSx1/oYNyuZQ=="],

    "json-schema-to-ts": ["json-schema-to-ts@3.1.1", "", { "dependencies": { "@babel/runtime": "^7.18.3", "ts-algebra": "^2.0.0" } }, "sha512-+DWg8jCJG2TEnpy7kOm/7/AxaYoaRbjVB4LFZLySZlWn8exGs3A4OLJR966cVvU26N7X9TWxl+Jsw7dzAqKT6g=="],

    "kysely": ["kysely@0.28.15", "", {}, "sha512-r2clcf7HLWvDXaVUEvQymXJY4i3bSOIV3xsL/Upy3ZfSv5HeKsk9tsqbBptLvth5qHEIhxeHTA2jNLyQABkLBA=="],

    "kysely-postgres-js": ["kysely-postgres-js@2.0.0", "", { "peerDependencies": { "kysely": ">= 0.24.0 < 1", "postgres": ">= 3.4.0 < 4" } }, "sha512-R1tWx6/x3tSatWvsmbHJxpBZYhNNxcnMw52QzZaHKg7ZOWtHib4iZyEaw4gb2hNKVctWQ3jfMxZT/ZaEMK6kBQ=="],

    "liquidjs": ["liquidjs@10.25.3", "", { "dependencies": { "commander": "^10.0.0" }, "bin": { "liquidjs": "bin/liquid.js", "liquid": "bin/liquid.js" } }, "sha512-csoJtC6yTfkUlwy+QKm0tRbFoz5cnzly1ugFvBBDWXA4Oo8ul31hOHDEZVzG93q8YaxRIQ909GFuow8d/q1v2Q=="],

    "openai": ["openai@6.33.0", "", { "peerDependencies": { "ws": "^8.18.0", "zod": "^3.25 || ^4.0" }, "optionalPeers": ["ws", "zod"], "bin": { "openai": "bin/cli" } }, "sha512-xAYN1W3YsDXJWA5F277135YfkEk6H7D3D6vWwRhJ3OEkzRgcyK8z/P5P9Gyi/wB4N8kK9kM5ZjprfvyHagKmpw=="],

    "postgres": ["postgres@3.4.9", "", {}, "sha512-GD3qdB0x1z9xgFI6cdRD6xu2Sp2WCOEoe3mtnyB5Ee0XrrL5Pe+e4CCnJrRMnL1zYtRDZmQQVbvOttLnKDLnaw=="],

    "preact": ["preact@10.29.1", "", {}, "sha512-gQCLc/vWroE8lIpleXtdJhTFDogTdZG9AjMUpVkDf2iTCNwYNWA+u16dL41TqUDJO4gm2IgrcMv3uTpjd4Pwmg=="],

    "preact-render-to-string": ["preact-render-to-string@6.6.7", "", { "peerDependencies": { "preact": ">=10 || >= 11.0.0-0" } }, "sha512-3XdbsX3+vn9dQW+jJI/FsI9rlkgl6dbeUpqLsChak6jp3j3auFqBCkno7VChbMFs5Q8ylBj6DrUkKRwtVN3nvw=="],

    "ts-algebra": ["ts-algebra@2.0.0", "", {}, "sha512-FPAhNPFMrkwz76P7cdjdmiShwMynZYN6SgOujD1urY4oNm80Ou9oMdmbR45LotcKOXoy7wSmHkRFE6Mxbrhefw=="],

    "typescript": ["typescript@5.9.3", "", { "bin": { "tsc": "bin/tsc", "tsserver": "bin/tsserver" } }, "sha512-jl1vZzPDinLr9eUt3J/t7V6FgNEw9QjvBPdysz9KfQDD41fQrC2Y4vKQdiaUpFT4bXlb1RHhLpp8wtm6M5TgSw=="],

    "undici-types": ["undici-types@7.18.2", "", {}, "sha512-AsuCzffGHJybSaRrmr5eHr81mwJU3kjw6M+uprWvCXiNeN9SOGwQ3Jn8jb8m3Z6izVgknn1R0FTCEAP2QrLY/w=="],
  }
}
